
Microsoft Visual Studio Solution File, Format Version 12.00
# Visual Studio Version 17
VisualStudioVersion = 17.13.35825.156 d17.13
MinimumVisualStudioVersion = 10.0.40219.1
Project("{FAE04EC0-301F-11D3-BF4B-00C04F79EFBC}") = "Semana0302", "Semana0302\Semana0302.csproj", "{8AE48940-8080-4B41-A1BF-5CC25E72A56E}"
EndProject
Global
	GlobalSection(SolutionConfigurationPlatforms) = preSolution
		Debug|Any CPU = Debug|Any CPU
		Release|Any CPU = Release|Any CPU
	EndGlobalSection
	GlobalSection(ProjectConfigurationPlatforms) = postSolution
		{8AE48940-8080-4B41-A1BF-5CC25E72A56E}.Debug|Any CPU.ActiveCfg = Debug|Any CPU
		{8AE48940-8080-4B41-A1BF-5CC25E72A56E}.Debug|Any CPU.Build.0 = Debug|Any CPU
		{8AE48940-8080-4B41-A1BF-5CC25E72A56E}.Release|Any CPU.ActiveCfg = Release|Any CPU
		{8AE48940-8080-4B41-A1BF-5CC25E72A56E}.Release|Any CPU.Build.0 = Release|Any CPU
	EndGlobalSection
	GlobalSection(SolutionProperties) = preSolution
		HideSolutionNode = FALSE
	EndGlobalSection
	GlobalSection(ExtensibilityGlobals) = postSolution
		SolutionGuid = {91E34A8A-3BE5-4E98-AFE8-BCE94B12F161}
	EndGlobalSection
EndGlobal
